# Pinned dependencies for production deployment
# Generated from requirements.txt on 2026-03-24
# To update: pip install -r requirements.txt && pip freeze > requirements.lock (then filter)

Flask==3.1.0
Flask-SQLAlchemy==3.1.1
Flask-Login==0.6.3
Flask-WTF==1.2.2
email-validator==2.3.0
pg8000==1.31.5
python-dotenv==1.0.1
gunicorn==22.0.0
Flask-Limiter==3.5.1
Flask-Migrate==4.1.0
Flask-Mail==0.10.0
Flask-Cors==4.0.2
Flask-Babel==4.0.0
APScheduler==3.10.4
cryptography==45.0.7
PyJWT==2.10.1
openpyxl==3.1.5
python-docx==1.1.2
beautifulsoup4==4.13.4
requests==2.32.3
bleach==6.2.0
Authlib==1.7.2
WeasyPrint==66.0
segno==1.6.6
qrcode-artistic==3.0.2
pillow-heif==0.22.0
# Системна база часових зон є не скрізь: на Windows і в тонких
# контейнерах її немає, і zoneinfo падає на імпорті.
tzdata==2026.3

# Transitive dependencies
joserfc==1.6.8
Babel==2.18.0
pytz==2026.2
alembic==1.18.4
webencodings==0.5.1
blinker==1.9.0
click==8.3.0
colorama==0.4.6
itsdangerous==2.2.0
Jinja2==3.1.6
Mako==1.3.10
MarkupSafe==3.0.3
SQLAlchemy==2.0.47
Werkzeug==3.1.3
WTForms==3.2.1
greenlet==3.3.0
typing_extensions==4.15.0
packaging==25.0
et_xmlfile==2.0.0
lxml==6.0.2
soupsieve==2.7
certifi==2024.8.30
charset-normalizer==3.4.0
idna==3.10
urllib3==2.2.3

# WeasyPrint transitive dependencies
pydyf==0.11.0
cssselect2==0.8.0
tinycss2==1.4.0
Pyphen==0.17.2
Pillow==10.4.0
fonttools==4.60.1
cffi==1.17.1
pycparser==2.22
Brotli==1.1.0
zopfli==0.2.3.post1
tinyhtml5==2.0.0
